
Microsoft Visual Studio Solution File, Format Version 12.00
# Visual Studio 15
VisualStudioVersion = 15.0.27703.2042
MinimumVisualStudioVersion = 10.0.40219.1
Project("{FAE04EC0-301F-11D3-BF4B-00C04F79EFBC}") = "Mod", "Mod\Mod.csproj", "{C7A6B669-5CE5-4DF0-A1D9-35C6CFFE3EB3}"
EndProject
Project("{FAE04EC0-301F-11D3-BF4B-00C04F79EFBC}") = "Scripts", "Scripts\Scripts.csproj", "{389FBE1A-9211-4F58-9D5C-5B8E1ABA2C1D}"
EndProject
Project("{2150E333-8FDC-42A3-9474-1A3956D46DE8}") = "Solution Items", "Solution Items", "{EE889940-94F1-4E92-AACF-F7029AC46D39}"
	ProjectSection(SolutionItems) = preProject
		.gitignore = .gitignore
		deploy.cmd = deploy.cmd
		exclude.txt = exclude.txt
		LICENSE = LICENSE
		README.md = README.md
	EndProjectSection
EndProject
Global
	GlobalSection(SolutionConfigurationPlatforms) = preSolution
		Debug|Any CPU = Debug|Any CPU
		Release|Any CPU = Release|Any CPU
	EndGlobalSection
	GlobalSection(ProjectConfigurationPlatforms) = postSolution
		{C7A6B669-5CE5-4DF0-A1D9-35C6CFFE3EB3}.Debug|Any CPU.ActiveCfg = Debug|Any CPU
		{C7A6B669-5CE5-4DF0-A1D9-35C6CFFE3EB3}.Debug|Any CPU.Build.0 = Debug|Any CPU
		{C7A6B669-5CE5-4DF0-A1D9-35C6CFFE3EB3}.Release|Any CPU.ActiveCfg = Release|Any CPU
		{C7A6B669-5CE5-4DF0-A1D9-35C6CFFE3EB3}.Release|Any CPU.Build.0 = Release|Any CPU
		{389FBE1A-9211-4F58-9D5C-5B8E1ABA2C1D}.Debug|Any CPU.ActiveCfg = Debug|Any CPU
		{389FBE1A-9211-4F58-9D5C-5B8E1ABA2C1D}.Debug|Any CPU.Build.0 = Debug|Any CPU
		{389FBE1A-9211-4F58-9D5C-5B8E1ABA2C1D}.Release|Any CPU.ActiveCfg = Release|Any CPU
		{389FBE1A-9211-4F58-9D5C-5B8E1ABA2C1D}.Release|Any CPU.Build.0 = Release|Any CPU
	EndGlobalSection
	GlobalSection(SolutionProperties) = preSolution
		HideSolutionNode = FALSE
	EndGlobalSection
	GlobalSection(ExtensibilityGlobals) = postSolution
		SolutionGuid = {49E94350-C0F0-4CAF-9DF4-1655AA3AD3C6}
	EndGlobalSection
EndGlobal
